Microsoft Visual Studio Solution File, Format Version 12.00
# Visual Studio Version 16
VisualStudioVersion = 16.0.29306.81
MinimumVisualStudioVersion = 10.0.40219.1
Project("{9A19103F-16F7-4668-BE54-9A1E7A4F7556}") = "ModernSlavery.Core", "ModernSlavery.Core\ModernSlavery.Core.csproj", "{7A23F343-E179-4866-B40C-CC5B8FD87695}"
EndProject
Project("{9A19103F-16F7-4668-BE54-9A1E7A4F7556}") = "ModernSlavery.Infrastructure.Database", "ModernSlavery.Infrastructure.Database\ModernSlavery.Infrastructure.Database.csproj", "{F3DB4C50-110C-44BB-A308-B924FA0BE635}"
EndProject
Project("{9A19103F-16F7-4668-BE54-9A1E7A4F7556}") = "ModernSlavery.Hosts.Web", "ModernSlavery.Hosts.Web\ModernSlavery.Hosts.Web.csproj", "{73D4A349-7276-4C72-9C67-A8FD08D7ED82}"
EndProject
Project("{9A19103F-16F7-4668-BE54-9A1E7A4F7556}") = "ModernSlavery.Hosts.Webjob", "ModernSlavery.Hosts.Webjob\ModernSlavery.Hosts.Webjob.csproj", "{1DF71C5E-2C26-43ED-80EA-79317303909F}"
EndProject
Project("{9A19103F-16F7-4668-BE54-9A1E7A4F7556}") = "ModernSlavery.Hosts.IdServer", "ModernSlavery.Hosts.IdServer\ModernSlavery.Hosts.IdServer.csproj", "{F0DBFCDC-2EC9-4181-BF63-1B8F3D585A4E}"
EndProject
Project("{2150E333-8FDC-42A3-9474-1A3956D46DE8}") = "AutomationTests", "AutomationTests", "{165A87E4-ED4A-4509-A52C-81748DE7286F}"
EndProject
Project("{2150E333-8FDC-42A3-9474-1A3956D46DE8}") = "Core", "Core", "{6EB28909-F4E9-402E-A247-01532AAC6841}"
EndProject
Project("{9A19103F-16F7-4668-BE54-9A1E7A4F7556}") = "ModernSlavery.Core.Extensions", "ModernSlavery.Core.Extensions\ModernSlavery.Core.Extensions.csproj", "{EF13B99F-16E1-4F04-BC21-882D146AA7FD}"
EndProject
Project("{9A19103F-16F7-4668-BE54-9A1E7A4F7556}") = "ModernSlavery.WebUI.GDSDesignSystem", "ModernSlavery.WebUI.GDSDesignSystem\ModernSlavery.WebUI.GDSDesignSystem.csproj", "{AE3D6DDB-5C46-4149-A74B-4C631FFC1C33}"
EndProject
Project("{9A19103F-16F7-4668-BE54-9A1E7A4F7556}") = "ModernSlavery.Hosts.WebWarmer", "ModernSlavery.Hosts.WebWarmer\ModernSlavery.Hosts.WebWarmer.csproj", "{BE071C9E-B424-4F70-A1EC-6ECB15399C6E}"
EndProject
Project("{2150E333-8FDC-42A3-9474-1A3956D46DE8}") = "_Solution Files", "_Solution Files", "{B6D69B70-7603-463C-955C-EEB92FF2EC25}"
	ProjectSection(SolutionItems) = preProject
		.gitignore = .gitignore
		.order = .order
		global.json = global.json
		LICENSE = LICENSE
		ModernSlavery.DotSettings = ModernSlavery.DotSettings
		NuGet.config = NuGet.config
		NuGetVSTS.config = NuGetVSTS.config
		README.md = README.md
		ModernSlavery.WebUI\node_modules\govuk-frontend\README.md = ModernSlavery.WebUI\node_modules\govuk-frontend\README.md
		SolutionInfo.cs = SolutionInfo.cs
		SolutionVersionInfo.cs = SolutionVersionInfo.cs
	EndProjectSection
EndProject
Project("{9A19103F-16F7-4668-BE54-9A1E7A4F7556}") = "ModernSlavery.Core.SharedKernel", "ModernSlavery.Core.SharedKernel\ModernSlavery.Core.SharedKernel.csproj", "{CD0DC980-B4CE-4F21-920A-2711E586C305}"
EndProject
Project("{2150E333-8FDC-42A3-9474-1A3956D46DE8}") = "WebUI", "WebUI", "{3085FCFE-FAF9-4B1D-AB8C-F4AA1C1AAB6B}"
EndProject
Project("{9A19103F-16F7-4668-BE54-9A1E7A4F7556}") = "ModernSlavery.WebUI.Admin", "ModernSlavery.WebUI.Admin\ModernSlavery.WebUI.Admin.csproj", "{7180FE40-A39D-482B-AEB0-E12D97AE4F5C}"
EndProject
Project("{9A19103F-16F7-4668-BE54-9A1E7A4F7556}") = "ModernSlavery.WebUI.Shared", "ModernSlavery.WebUI.Shared\ModernSlavery.WebUI.Shared.csproj", "{73C3B043-3113-4009-AB76-7D9A98221D35}"
EndProject
Project("{9A19103F-16F7-4668-BE54-9A1E7A4F7556}") = "ModernSlavery.WebUI.DevOps", "ModernSlavery.WebUI.DevOps\ModernSlavery.WebUI.DevOps.csproj", "{E7F0FAF1-C6E0-415A-AF5E-D4C6B631E414}"
EndProject
Project("{9A19103F-16F7-4668-BE54-9A1E7A4F7556}") = "ModernSlavery.WebUI.Registration", "ModernSlavery.WebUI.Registration\ModernSlavery.WebUI.Registration.csproj", "{4949E9FC-7C01-418A-BE91-53CE9F5A1A39}"
EndProject
Project("{9A19103F-16F7-4668-BE54-9A1E7A4F7556}") = "ModernSlavery.WebUI.Submission", "ModernSlavery.WebUI.Submission\ModernSlavery.WebUI.Submission.csproj", "{7A52730D-DABB-45F9-A7DC-344240C956D8}"
EndProject
Project("{9A19103F-16F7-4668-BE54-9A1E7A4F7556}") = "ModernSlavery.WebUI.Viewing", "ModernSlavery.WebUI.Viewing\ModernSlavery.WebUI.Viewing.csproj", "{75A179DF-BE22-4A01-BB04-6AE10C377E2B}"
EndProject
Project("{9A19103F-16F7-4668-BE54-9A1E7A4F7556}") = "ModernSlavery.Core.Entities", "ModernSlavery.Core.Entities\ModernSlavery.Core.Entities.csproj", "{373FD2AD-1EC2-4415-BBA2-6D1098961D03}"
EndProject
Project("{2150E333-8FDC-42A3-9474-1A3956D46DE8}") = "Infrastructure", "Infrastructure", "{71F10B1A-9F35-4CC7-817F-B918D93DB555}"
EndProject
Project("{2150E333-8FDC-42A3-9474-1A3956D46DE8}") = "BusinessDomain", "BusinessDomain", "{E0EE46B7-30A8-4679-BD26-5858DB5A9BA9}"
EndProject
Project("{9A19103F-16F7-4668-BE54-9A1E7A4F7556}") = "ModernSlavery.BusinessDomain.Shared", "ModernSlavery.BusinessDomain.Shared\ModernSlavery.BusinessDomain.Shared.csproj", "{0298E940-D2C0-41BA-9266-AB425FC6891D}"
EndProject
Project("{9A19103F-16F7-4668-BE54-9A1E7A4F7556}") = "ModernSlavery.BusinessDomain.Admin", "ModernSlavery.BusinessDomain.Admin\ModernSlavery.BusinessDomain.Admin.csproj", "{B24AD52C-5C38-444E-8932-97227DC42E13}"
EndProject
Project("{9A19103F-16F7-4668-BE54-9A1E7A4F7556}") = "ModernSlavery.BusinessDomain.Registration", "ModernSlavery.BusinessDomain.Registration\ModernSlavery.BusinessDomain.Registration.csproj", "{B7680916-4A4F-40FF-B744-67F39741A901}"
EndProject
Project("{9A19103F-16F7-4668-BE54-9A1E7A4F7556}") = "ModernSlavery.BusinessDomain.Submission", "ModernSlavery.BusinessDomain.Submission\ModernSlavery.BusinessDomain.Submission.csproj", "{62BF103A-43A7-4260-B64E-E3833975950A}"
EndProject
Project("{9A19103F-16F7-4668-BE54-9A1E7A4F7556}") = "ModernSlavery.BusinessDomain.DevOps", "ModernSlavery.BusinessDomain.DevOps\ModernSlavery.BusinessDomain.DevOps.csproj", "{318A4FCC-454B-4A40-BE10-C19417675217}"
EndProject
Project("{9A19103F-16F7-4668-BE54-9A1E7A4F7556}") = "ModernSlavery.BusinessDomain.Viewing", "ModernSlavery.BusinessDomain.Viewing\ModernSlavery.BusinessDomain.Viewing.csproj", "{27C22FC8-C51A-4094-AC55-DE27C50142BD}"
EndProject
Project("{F088123C-0E9E-452A-89E6-6BA2F21D5CAC}") = "ModernSlavery.DependencyValidation", "ModernSlavery.DependencyValidation\ModernSlavery.DependencyValidation.modelproj", "{C4404764-0AAF-414D-BF8D-DA0E72F5DFA7}"
EndProject
Project("{9A19103F-16F7-4668-BE54-9A1E7A4F7556}") = "ModernSlavery.Infrastructure.Configuration", "ModernSlavery.Infrastructure.Configuration\ModernSlavery.Infrastructure.Configuration.csproj", "{2289645D-3F88-4D28-A63F-A4329C0DB106}"
EndProject
Project("{9A19103F-16F7-4668-BE54-9A1E7A4F7556}") = "ModernSlavery.Infrastructure.Storage", "ModernSlavery.Infrastructure.Storage\ModernSlavery.Infrastructure.Storage.csproj", "{C774795B-40EF-4BEE-AE6C-B1CE959E07E8}"
EndProject
Project("{9A19103F-16F7-4668-BE54-9A1E7A4F7556}") = "ModernSlavery.Infrastructure.Hosts", "ModernSlavery.Infrastructure.Hosts\ModernSlavery.Infrastructure.Hosts.csproj", "{59FB1254-FEF6-4447-883D-050C95066507}"
EndProject
Project("{9A19103F-16F7-4668-BE54-9A1E7A4F7556}") = "ModernSlavery.Infrastructure.Search", "ModernSlavery.Infrastructure.Search\ModernSlavery.Infrastructure.Search.csproj", "{939B2AB2-562F-4424-877B-227322A167F5}"
EndProject
Project("{9A19103F-16F7-4668-BE54-9A1E7A4F7556}") = "ModernSlavery.Infrastructure.Messaging", "ModernSlavery.Infrastructure.Messaging\ModernSlavery.Infrastructure.Messaging.csproj", "{C2A20438-701E-4C5A-A560-A31EE6BB8DA6}"
EndProject
Project("{9A19103F-16F7-4668-BE54-9A1E7A4F7556}") = "ModernSlavery.Infrastructure.CompaniesHouse", "ModernSlavery.Infrastructure.CompaniesHouse\ModernSlavery.Infrastructure.CompaniesHouse.csproj", "{2B79D056-5E61-41BA-B596-9FD39EE8759E}"
EndProject
Project("{2150E333-8FDC-42A3-9474-1A3956D46DE8}") = "Hosts", "Hosts", "{4E86431F-FE6D-4E65-AC46-360C844EC263}"
EndProject
Project("{9A19103F-16F7-4668-BE54-9A1E7A4F7556}") = "ModernSlavery.Infrastructure.Logging", "ModernSlavery.Infrastructure.Logging\ModernSlavery.Infrastructure.Logging.csproj", "{6E9E21BA-C4BF-4BD1-B774-8927A51699FB}"
EndProject
Project("{9A19103F-16F7-4668-BE54-9A1E7A4F7556}") = "ModernSlavery.Infrastructure.Telemetry", "ModernSlavery.Infrastructure.Telemetry\ModernSlavery.Infrastructure.Telemetry.csproj", "{98B6CC82-A9A7-4A7A-815B-3D4738D1307E}"
EndProject
Project("{9A19103F-16F7-4668-BE54-9A1E7A4F7556}") = "ModernSlavery.WebUI.Account", "ModernSlavery.WebUI.Account\ModernSlavery.WebUI.Account.csproj", "{A3519FCD-519E-401F-A783-9C96CDFBDE04}"
EndProject
Project("{9A19103F-16F7-4668-BE54-9A1E7A4F7556}") = "ModernSlavery.BusinessDomain.Account", "ModernSlavery.BusinessDomain.Account\ModernSlavery.BusinessDomain.Account.csproj", "{4501223B-009C-45BA-98BF-669783E134AC}"
EndProject
Project("{9A19103F-16F7-4668-BE54-9A1E7A4F7556}") = "ModernSlavery.WebUI.StaticFiles", "ModernSlavery.WebUI.StaticFiles\ModernSlavery.WebUI.StaticFiles.csproj", "{45DEB984-07C4-41D7-BE4C-C47C4226D91E}"
EndProject
Global
	GlobalSection(SolutionConfigurationPlatforms) = preSolution
		Debug|Any CPU = Debug|Any CPU
		Release|Any CPU = Release|Any CPU
	EndGlobalSection
	GlobalSection(ProjectConfigurationPlatforms) = postSolution
		{7A23F343-E179-4866-B40C-CC5B8FD87695}.Debug|Any CPU.ActiveCfg = Debug|Any CPU
		{7A23F343-E179-4866-B40C-CC5B8FD87695}.Debug|Any CPU.Build.0 = Debug|Any CPU
		{7A23F343-E179-4866-B40C-CC5B8FD87695}.Release|Any CPU.ActiveCfg = Release|Any CPU
		{7A23F343-E179-4866-B40C-CC5B8FD87695}.Release|Any CPU.Build.0 = Release|Any CPU
		{F3DB4C50-110C-44BB-A308-B924FA0BE635}.Debug|Any CPU.ActiveCfg = Debug|Any CPU
		{F3DB4C50-110C-44BB-A308-B924FA0BE635}.Debug|Any CPU.Build.0 = Debug|Any CPU
		{F3DB4C50-110C-44BB-A308-B924FA0BE635}.Release|Any CPU.ActiveCfg = Release|Any CPU
		{F3DB4C50-110C-44BB-A308-B924FA0BE635}.Release|Any CPU.Build.0 = Release|Any CPU
		{73D4A349-7276-4C72-9C67-A8FD08D7ED82}.Debug|Any CPU.ActiveCfg = Debug|Any CPU
		{73D4A349-7276-4C72-9C67-A8FD08D7ED82}.Debug|Any CPU.Build.0 = Debug|Any CPU
		{73D4A349-7276-4C72-9C67-A8FD08D7ED82}.Release|Any CPU.ActiveCfg = Release|Any CPU
		{73D4A349-7276-4C72-9C67-A8FD08D7ED82}.Release|Any CPU.Build.0 = Release|Any CPU
		{1DF71C5E-2C26-43ED-80EA-79317303909F}.Debug|Any CPU.ActiveCfg = Debug|Any CPU
		{1DF71C5E-2C26-43ED-80EA-79317303909F}.Debug|Any CPU.Build.0 = Debug|Any CPU
		{1DF71C5E-2C26-43ED-80EA-79317303909F}.Release|Any CPU.ActiveCfg = Release|Any CPU
		{1DF71C5E-2C26-43ED-80EA-79317303909F}.Release|Any CPU.Build.0 = Release|Any CPU
		{F0DBFCDC-2EC9-4181-BF63-1B8F3D585A4E}.Debug|Any CPU.ActiveCfg = Debug|Any CPU
		{F0DBFCDC-2EC9-4181-BF63-1B8F3D585A4E}.Debug|Any CPU.Build.0 = Debug|Any CPU
		{F0DBFCDC-2EC9-4181-BF63-1B8F3D585A4E}.Release|Any CPU.ActiveCfg = Release|Any CPU
		{F0DBFCDC-2EC9-4181-BF63-1B8F3D585A4E}.Release|Any CPU.Build.0 = Release|Any CPU
		{EF13B99F-16E1-4F04-BC21-882D146AA7FD}.Debug|Any CPU.ActiveCfg = Debug|Any CPU
		{EF13B99F-16E1-4F04-BC21-882D146AA7FD}.Debug|Any CPU.Build.0 = Debug|Any CPU
		{EF13B99F-16E1-4F04-BC21-882D146AA7FD}.Release|Any CPU.ActiveCfg = Release|Any CPU
		{EF13B99F-16E1-4F04-BC21-882D146AA7FD}.Release|Any CPU.Build.0 = Release|Any CPU
		{AE3D6DDB-5C46-4149-A74B-4C631FFC1C33}.Debug|Any CPU.ActiveCfg = Debug|Any CPU
		{AE3D6DDB-5C46-4149-A74B-4C631FFC1C33}.Debug|Any CPU.Build.0 = Debug|Any CPU
		{AE3D6DDB-5C46-4149-A74B-4C631FFC1C33}.Release|Any CPU.ActiveCfg = Release|Any CPU
		{AE3D6DDB-5C46-4149-A74B-4C631FFC1C33}.Release|Any CPU.Build.0 = Release|Any CPU
		{BE071C9E-B424-4F70-A1EC-6ECB15399C6E}.Debug|Any CPU.ActiveCfg = Debug|Any CPU
		{BE071C9E-B424-4F70-A1EC-6ECB15399C6E}.Debug|Any CPU.Build.0 = Debug|Any CPU
		{BE071C9E-B424-4F70-A1EC-6ECB15399C6E}.Release|Any CPU.ActiveCfg = Release|Any CPU
		{BE071C9E-B424-4F70-A1EC-6ECB15399C6E}.Release|Any CPU.Build.0 = Release|Any CPU
		{CD0DC980-B4CE-4F21-920A-2711E586C305}.Debug|Any CPU.ActiveCfg = Debug|Any CPU
		{CD0DC980-B4CE-4F21-920A-2711E586C305}.Debug|Any CPU.Build.0 = Debug|Any CPU
		{CD0DC980-B4CE-4F21-920A-2711E586C305}.Release|Any CPU.ActiveCfg = Release|Any CPU
		{CD0DC980-B4CE-4F21-920A-2711E586C305}.Release|Any CPU.Build.0 = Release|Any CPU
		{7180FE40-A39D-482B-AEB0-E12D97AE4F5C}.Debug|Any CPU.ActiveCfg = Debug|Any CPU
		{7180FE40-A39D-482B-AEB0-E12D97AE4F5C}.Debug|Any CPU.Build.0 = Debug|Any CPU
		{7180FE40-A39D-482B-AEB0-E12D97AE4F5C}.Release|Any CPU.ActiveCfg = Release|Any CPU
		{7180FE40-A39D-482B-AEB0-E12D97AE4F5C}.Release|Any CPU.Build.0 = Release|Any CPU
		{73C3B043-3113-4009-AB76-7D9A98221D35}.Debug|Any CPU.ActiveCfg = Debug|Any CPU
		{73C3B043-3113-4009-AB76-7D9A98221D35}.Debug|Any CPU.Build.0 = Debug|Any CPU
		{73C3B043-3113-4009-AB76-7D9A98221D35}.Release|Any CPU.ActiveCfg = Release|Any CPU
		{73C3B043-3113-4009-AB76-7D9A98221D35}.Release|Any CPU.Build.0 = Release|Any CPU
		{E7F0FAF1-C6E0-415A-AF5E-D4C6B631E414}.Debug|Any CPU.ActiveCfg = Debug|Any CPU
		{E7F0FAF1-C6E0-415A-AF5E-D4C6B631E414}.Debug|Any CPU.Build.0 = Debug|Any CPU
		{E7F0FAF1-C6E0-415A-AF5E-D4C6B631E414}.Release|Any CPU.ActiveCfg = Release|Any CPU
		{E7F0FAF1-C6E0-415A-AF5E-D4C6B631E414}.Release|Any CPU.Build.0 = Release|Any CPU
		{4949E9FC-7C01-418A-BE91-53CE9F5A1A39}.Debug|Any CPU.ActiveCfg = Debug|Any CPU
		{4949E9FC-7C01-418A-BE91-53CE9F5A1A39}.Debug|Any CPU.Build.0 = Debug|Any CPU
		{4949E9FC-7C01-418A-BE91-53CE9F5A1A39}.Release|Any CPU.ActiveCfg = Release|Any CPU
		{4949E9FC-7C01-418A-BE91-53CE9F5A1A39}.Release|Any CPU.Build.0 = Release|Any CPU
		{7A52730D-DABB-45F9-A7DC-344240C956D8}.Debug|Any CPU.ActiveCfg = Debug|Any CPU
		{7A52730D-DABB-45F9-A7DC-344240C956D8}.Debug|Any CPU.Build.0 = Debug|Any CPU
		{7A52730D-DABB-45F9-A7DC-344240C956D8}.Release|Any CPU.ActiveCfg = Release|Any CPU
		{7A52730D-DABB-45F9-A7DC-344240C956D8}.Release|Any CPU.Build.0 = Release|Any CPU
		{75A179DF-BE22-4A01-BB04-6AE10C377E2B}.Debug|Any CPU.ActiveCfg = Debug|Any CPU
		{75A179DF-BE22-4A01-BB04-6AE10C377E2B}.Debug|Any CPU.Build.0 = Debug|Any CPU
		{75A179DF-BE22-4A01-BB04-6AE10C377E2B}.Release|Any CPU.ActiveCfg = Release|Any CPU
		{75A179DF-BE22-4A01-BB04-6AE10C377E2B}.Release|Any CPU.Build.0 = Release|Any CPU
		{373FD2AD-1EC2-4415-BBA2-6D1098961D03}.Debug|Any CPU.ActiveCfg = Debug|Any CPU
		{373FD2AD-1EC2-4415-BBA2-6D1098961D03}.Debug|Any CPU.Build.0 = Debug|Any CPU
		{373FD2AD-1EC2-4415-BBA2-6D1098961D03}.Release|Any CPU.ActiveCfg = Release|Any CPU
		{373FD2AD-1EC2-4415-BBA2-6D1098961D03}.Release|Any CPU.Build.0 = Release|Any CPU
		{0298E940-D2C0-41BA-9266-AB425FC6891D}.Debug|Any CPU.ActiveCfg = Debug|Any CPU
		{0298E940-D2C0-41BA-9266-AB425FC6891D}.Debug|Any CPU.Build.0 = Debug|Any CPU
		{0298E940-D2C0-41BA-9266-AB425FC6891D}.Release|Any CPU.ActiveCfg = Release|Any CPU
		{0298E940-D2C0-41BA-9266-AB425FC6891D}.Release|Any CPU.Build.0 = Release|Any CPU
		{B24AD52C-5C38-444E-8932-97227DC42E13}.Debug|Any CPU.ActiveCfg = Debug|Any CPU
		{B24AD52C-5C38-444E-8932-97227DC42E13}.Debug|Any CPU.Build.0 = Debug|Any CPU
		{B24AD52C-5C38-444E-8932-97227DC42E13}.Release|Any CPU.ActiveCfg = Release|Any CPU
		{B24AD52C-5C38-444E-8932-97227DC42E13}.Release|Any CPU.Build.0 = Release|Any CPU
		{B7680916-4A4F-40FF-B744-67F39741A901}.Debug|Any CPU.ActiveCfg = Debug|Any CPU
		{B7680916-4A4F-40FF-B744-67F39741A901}.Debug|Any CPU.Build.0 = Debug|Any CPU
		{B7680916-4A4F-40FF-B744-67F39741A901}.Release|Any CPU.ActiveCfg = Release|Any CPU
		{B7680916-4A4F-40FF-B744-67F39741A901}.Release|Any CPU.Build.0 = Release|Any CPU
		{62BF103A-43A7-4260-B64E-E3833975950A}.Debug|Any CPU.ActiveCfg = Debug|Any CPU
		{62BF103A-43A7-4260-B64E-E3833975950A}.Debug|Any CPU.Build.0 = Debug|Any CPU
		{62BF103A-43A7-4260-B64E-E3833975950A}.Release|Any CPU.ActiveCfg = Release|Any CPU
		{62BF103A-43A7-4260-B64E-E3833975950A}.Release|Any CPU.Build.0 = Release|Any CPU
		{318A4FCC-454B-4A40-BE10-C19417675217}.Debug|Any CPU.ActiveCfg = Debug|Any CPU
		{318A4FCC-454B-4A40-BE10-C19417675217}.Debug|Any CPU.Build.0 = Debug|Any CPU
		{318A4FCC-454B-4A40-BE10-C19417675217}.Release|Any CPU.ActiveCfg = Release|Any CPU
		{318A4FCC-454B-4A40-BE10-C19417675217}.Release|Any CPU.Build.0 = Release|Any CPU
		{27C22FC8-C51A-4094-AC55-DE27C50142BD}.Debug|Any CPU.ActiveCfg = Debug|Any CPU
		{27C22FC8-C51A-4094-AC55-DE27C50142BD}.Debug|Any CPU.Build.0 = Debug|Any CPU
		{27C22FC8-C51A-4094-AC55-DE27C50142BD}.Release|Any CPU.ActiveCfg = Release|Any CPU
		{27C22FC8-C51A-4094-AC55-DE27C50142BD}.Release|Any CPU.Build.0 = Release|Any CPU
		{C4404764-0AAF-414D-BF8D-DA0E72F5DFA7}.Debug|Any CPU.ActiveCfg = Debug|Any CPU
		{C4404764-0AAF-414D-BF8D-DA0E72F5DFA7}.Debug|Any CPU.Build.0 = Debug|Any CPU
		{C4404764-0AAF-414D-BF8D-DA0E72F5DFA7}.Release|Any CPU.ActiveCfg = Release|Any CPU
		{C4404764-0AAF-414D-BF8D-DA0E72F5DFA7}.Release|Any CPU.Build.0 = Release|Any CPU
		{2289645D-3F88-4D28-A63F-A4329C0DB106}.Debug|Any CPU.ActiveCfg = Debug|Any CPU
		{2289645D-3F88-4D28-A63F-A4329C0DB106}.Debug|Any CPU.Build.0 = Debug|Any CPU
		{2289645D-3F88-4D28-A63F-A4329C0DB106}.Release|Any CPU.ActiveCfg = Release|Any CPU
		{2289645D-3F88-4D28-A63F-A4329C0DB106}.Release|Any CPU.Build.0 = Release|Any CPU
		{C774795B-40EF-4BEE-AE6C-B1CE959E07E8}.Debug|Any CPU.ActiveCfg = Debug|Any CPU
		{C774795B-40EF-4BEE-AE6C-B1CE959E07E8}.Debug|Any CPU.Build.0 = Debug|Any CPU
		{C774795B-40EF-4BEE-AE6C-B1CE959E07E8}.Release|Any CPU.ActiveCfg = Release|Any CPU
		{C774795B-40EF-4BEE-AE6C-B1CE959E07E8}.Release|Any CPU.Build.0 = Release|Any CPU
		{59FB1254-FEF6-4447-883D-050C95066507}.Debug|Any CPU.ActiveCfg = Debug|Any CPU
		{59FB1254-FEF6-4447-883D-050C95066507}.Debug|Any CPU.Build.0 = Debug|Any CPU
		{59FB1254-FEF6-4447-883D-050C95066507}.Release|Any CPU.ActiveCfg = Release|Any CPU
		{59FB1254-FEF6-4447-883D-050C95066507}.Release|Any CPU.Build.0 = Release|Any CPU
		{939B2AB2-562F-4424-877B-227322A167F5}.Debug|Any CPU.ActiveCfg = Debug|Any CPU
		{939B2AB2-562F-4424-877B-227322A167F5}.Debug|Any CPU.Build.0 = Debug|Any CPU
		{939B2AB2-562F-4424-877B-227322A167F5}.Release|Any CPU.ActiveCfg = Release|Any CPU
		{939B2AB2-562F-4424-877B-227322A167F5}.Release|Any CPU.Build.0 = Release|Any CPU
		{C2A20438-701E-4C5A-A560-A31EE6BB8DA6}.Debug|Any CPU.ActiveCfg = Debug|Any CPU
		{C2A20438-701E-4C5A-A560-A31EE6BB8DA6}.Debug|Any CPU.Build.0 = Debug|Any CPU
		{C2A20438-701E-4C5A-A560-A31EE6BB8DA6}.Release|Any CPU.ActiveCfg = Release|Any CPU
		{C2A20438-701E-4C5A-A560-A31EE6BB8DA6}.Release|Any CPU.Build.0 = Release|Any CPU
		{2B79D056-5E61-41BA-B596-9FD39EE8759E}.Debug|Any CPU.ActiveCfg = Debug|Any CPU
		{2B79D056-5E61-41BA-B596-9FD39EE8759E}.Debug|Any CPU.Build.0 = Debug|Any CPU
		{2B79D056-5E61-41BA-B596-9FD39EE8759E}.Release|Any CPU.ActiveCfg = Release|Any CPU
		{2B79D056-5E61-41BA-B596-9FD39EE8759E}.Release|Any CPU.Build.0 = Release|Any CPU
		{6E9E21BA-C4BF-4BD1-B774-8927A51699FB}.Debug|Any CPU.ActiveCfg = Debug|Any CPU
		{6E9E21BA-C4BF-4BD1-B774-8927A51699FB}.Debug|Any CPU.Build.0 = Debug|Any CPU
		{6E9E21BA-C4BF-4BD1-B774-8927A51699FB}.Release|Any CPU.ActiveCfg = Release|Any CPU
		{6E9E21BA-C4BF-4BD1-B774-8927A51699FB}.Release|Any CPU.Build.0 = Release|Any CPU
		{98B6CC82-A9A7-4A7A-815B-3D4738D1307E}.Debug|Any CPU.ActiveCfg = Debug|Any CPU
		{98B6CC82-A9A7-4A7A-815B-3D4738D1307E}.Debug|Any CPU.Build.0 = Debug|Any CPU
		{98B6CC82-A9A7-4A7A-815B-3D4738D1307E}.Release|Any CPU.ActiveCfg = Release|Any CPU
		{98B6CC82-A9A7-4A7A-815B-3D4738D1307E}.Release|Any CPU.Build.0 = Release|Any CPU
		{A3519FCD-519E-401F-A783-9C96CDFBDE04}.Debug|Any CPU.ActiveCfg = Debug|Any CPU
		{A3519FCD-519E-401F-A783-9C96CDFBDE04}.Debug|Any CPU.Build.0 = Debug|Any CPU
		{A3519FCD-519E-401F-A783-9C96CDFBDE04}.Release|Any CPU.ActiveCfg = Release|Any CPU
		{A3519FCD-519E-401F-A783-9C96CDFBDE04}.Release|Any CPU.Build.0 = Release|Any CPU
		{4501223B-009C-45BA-98BF-669783E134AC}.Debug|Any CPU.ActiveCfg = Debug|Any CPU
		{4501223B-009C-45BA-98BF-669783E134AC}.Debug|Any CPU.Build.0 = Debug|Any CPU
		{4501223B-009C-45BA-98BF-669783E134AC}.Release|Any CPU.ActiveCfg = Release|Any CPU
		{4501223B-009C-45BA-98BF-669783E134AC}.Release|Any CPU.Build.0 = Release|Any CPU
		{45DEB984-07C4-41D7-BE4C-C47C4226D91E}.Debug|Any CPU.ActiveCfg = Debug|Any CPU
		{45DEB984-07C4-41D7-BE4C-C47C4226D91E}.Debug|Any CPU.Build.0 = Debug|Any CPU
		{45DEB984-07C4-41D7-BE4C-C47C4226D91E}.Release|Any CPU.ActiveCfg = Release|Any CPU
		{45DEB984-07C4-41D7-BE4C-C47C4226D91E}.Release|Any CPU.Build.0 = Release|Any CPU
	EndGlobalSection
	GlobalSection(SolutionProperties) = preSolution
		HideSolutionNode = FALSE
	EndGlobalSection
	GlobalSection(NestedProjects) = preSolution
		{7A23F343-E179-4866-B40C-CC5B8FD87695} = {6EB28909-F4E9-402E-A247-01532AAC6841}
		{F3DB4C50-110C-44BB-A308-B924FA0BE635} = {71F10B1A-9F35-4CC7-817F-B918D93DB555}
		{73D4A349-7276-4C72-9C67-A8FD08D7ED82} = {4E86431F-FE6D-4E65-AC46-360C844EC263}
		{1DF71C5E-2C26-43ED-80EA-79317303909F} = {4E86431F-FE6D-4E65-AC46-360C844EC263}
		{F0DBFCDC-2EC9-4181-BF63-1B8F3D585A4E} = {4E86431F-FE6D-4E65-AC46-360C844EC263}
		{EF13B99F-16E1-4F04-BC21-882D146AA7FD} = {6EB28909-F4E9-402E-A247-01532AAC6841}
		{AE3D6DDB-5C46-4149-A74B-4C631FFC1C33} = {3085FCFE-FAF9-4B1D-AB8C-F4AA1C1AAB6B}
		{BE071C9E-B424-4F70-A1EC-6ECB15399C6E} = {4E86431F-FE6D-4E65-AC46-360C844EC263}
		{CD0DC980-B4CE-4F21-920A-2711E586C305} = {6EB28909-F4E9-402E-A247-01532AAC6841}
		{7180FE40-A39D-482B-AEB0-E12D97AE4F5C} = {3085FCFE-FAF9-4B1D-AB8C-F4AA1C1AAB6B}
		{73C3B043-3113-4009-AB76-7D9A98221D35} = {3085FCFE-FAF9-4B1D-AB8C-F4AA1C1AAB6B}
		{E7F0FAF1-C6E0-415A-AF5E-D4C6B631E414} = {3085FCFE-FAF9-4B1D-AB8C-F4AA1C1AAB6B}
		{4949E9FC-7C01-418A-BE91-53CE9F5A1A39} = {3085FCFE-FAF9-4B1D-AB8C-F4AA1C1AAB6B}
		{7A52730D-DABB-45F9-A7DC-344240C956D8} = {3085FCFE-FAF9-4B1D-AB8C-F4AA1C1AAB6B}
		{75A179DF-BE22-4A01-BB04-6AE10C377E2B} = {3085FCFE-FAF9-4B1D-AB8C-F4AA1C1AAB6B}
		{373FD2AD-1EC2-4415-BBA2-6D1098961D03} = {6EB28909-F4E9-402E-A247-01532AAC6841}
		{0298E940-D2C0-41BA-9266-AB425FC6891D} = {E0EE46B7-30A8-4679-BD26-5858DB5A9BA9}
		{B24AD52C-5C38-444E-8932-97227DC42E13} = {E0EE46B7-30A8-4679-BD26-5858DB5A9BA9}
		{B7680916-4A4F-40FF-B744-67F39741A901} = {E0EE46B7-30A8-4679-BD26-5858DB5A9BA9}
		{62BF103A-43A7-4260-B64E-E3833975950A} = {E0EE46B7-30A8-4679-BD26-5858DB5A9BA9}
		{318A4FCC-454B-4A40-BE10-C19417675217} = {E0EE46B7-30A8-4679-BD26-5858DB5A9BA9}
		{27C22FC8-C51A-4094-AC55-DE27C50142BD} = {E0EE46B7-30A8-4679-BD26-5858DB5A9BA9}
		{2289645D-3F88-4D28-A63F-A4329C0DB106} = {71F10B1A-9F35-4CC7-817F-B918D93DB555}
		{C774795B-40EF-4BEE-AE6C-B1CE959E07E8} = {71F10B1A-9F35-4CC7-817F-B918D93DB555}
		{59FB1254-FEF6-4447-883D-050C95066507} = {71F10B1A-9F35-4CC7-817F-B918D93DB555}
		{939B2AB2-562F-4424-877B-227322A167F5} = {71F10B1A-9F35-4CC7-817F-B918D93DB555}
		{C2A20438-701E-4C5A-A560-A31EE6BB8DA6} = {71F10B1A-9F35-4CC7-817F-B918D93DB555}
		{2B79D056-5E61-41BA-B596-9FD39EE8759E} = {71F10B1A-9F35-4CC7-817F-B918D93DB555}
		{6E9E21BA-C4BF-4BD1-B774-8927A51699FB} = {71F10B1A-9F35-4CC7-817F-B918D93DB555}
		{98B6CC82-A9A7-4A7A-815B-3D4738D1307E} = {71F10B1A-9F35-4CC7-817F-B918D93DB555}
		{A3519FCD-519E-401F-A783-9C96CDFBDE04} = {3085FCFE-FAF9-4B1D-AB8C-F4AA1C1AAB6B}
		{4501223B-009C-45BA-98BF-669783E134AC} = {E0EE46B7-30A8-4679-BD26-5858DB5A9BA9}
		{45DEB984-07C4-41D7-BE4C-C47C4226D91E} = {3085FCFE-FAF9-4B1D-AB8C-F4AA1C1AAB6B}
	EndGlobalSection
	GlobalSection(ExtensibilityGlobals) = postSolution
		SolutionGuid = {CBCD6EE1-83A9-461C-820C-9D31E0347395}
	EndGlobalSection
EndGlobal
