
Microsoft Visual Studio Solution File, Format Version 12.00
# Visual Studio Version 16
VisualStudioVersion = 16.0.28516.95
MinimumVisualStudioVersion = 10.0.40219.1
Project("{FAE04EC0-301F-11D3-BF4B-00C04F79EFBC}") = "ModernSlavery.LoadTests", "ModernSlavery.LoadTests.csproj", "{637D90F3-7735-45CE-B101-D9BEC62AAC19}"
EndProject
Project("{2150E333-8FDC-42A3-9474-1A3956D46DE8}") = "Solution Items", "Solution Items", "{588CBFFA-2391-45DF-8025-5A6B874BE813}"
	ProjectSection(SolutionItems) = preProject
		Local.testsettings = Local.testsettings
	EndProjectSection
EndProject
Global
	GlobalSection(SolutionConfigurationPlatforms) = preSolution
		Debug|Any CPU = Debug|Any CPU
		Release|Any CPU = Release|Any CPU
		TEST.Debug|Any CPU = TEST.Debug|Any CPU
	EndGlobalSection
	GlobalSection(ProjectConfigurationPlatforms) = postSolution
		{637D90F3-7735-45CE-B101-D9BEC62AAC19}.Debug|Any CPU.ActiveCfg = Debug|Any CPU
		{637D90F3-7735-45CE-B101-D9BEC62AAC19}.Debug|Any CPU.Build.0 = Debug|Any CPU
		{637D90F3-7735-45CE-B101-D9BEC62AAC19}.Release|Any CPU.ActiveCfg = Release|Any CPU
		{637D90F3-7735-45CE-B101-D9BEC62AAC19}.Release|Any CPU.Build.0 = Release|Any CPU
		{637D90F3-7735-45CE-B101-D9BEC62AAC19}.TEST.Debug|Any CPU.ActiveCfg = TEST.Debug|Any CPU
		{637D90F3-7735-45CE-B101-D9BEC62AAC19}.TEST.Debug|Any CPU.Build.0 = TEST.Debug|Any CPU
	EndGlobalSection
	GlobalSection(SolutionProperties) = preSolution
		HideSolutionNode = FALSE
	EndGlobalSection
	GlobalSection(ExtensibilityGlobals) = postSolution
		SolutionGuid = {3CDCA8B2-AA49-4956-8770-F2F2F778501C}
	EndGlobalSection
EndGlobal
